%{"flip_text": {:hex, :flip_text, "0.1.0", "a6a7697f10345cae73f0cae34391f0886015c3ca497caa63c6677f3354b74a62", [:mix], []},
  "hedwig": {:hex, :hedwig, "1.0.0", "effbb160b9b270cb62ac1b2d6041b4ac731a21b0fc048dd2c35840245fdc0f22", [:mix], []},
  "junit_formatter": {:hex, :junit_formatter, "1.2.0", "ddd0be915b11185e332bb103efb14c2edbcd5bbb989ff64c69261c8dbc0d4fba", [:mix], []},
  "poison": {:hex, :poison, "3.0.0", "625ebd64d33ae2e65201c2c14d6c85c27cc8b68f2d0dd37828fde9c6920dd131", [:mix], []}}
